
Microsoft Visual Studio Solution File, Format Version 12.00
# Visual Studio Version 17
VisualStudioVersion = 17.2.32616.157
MinimumVisualStudioVersion = 10.0.40219.1
Project("{FAE04EC0-301F-11D3-BF4B-00C04F79EFBC}") = "Sandbox", "Sandbox\Sandbox.csproj", "{C41E7116-40C8-4D15-9A8F-CBEA03006318}"
EndProject
Global
	GlobalSection(SolutionConfigurationPlatforms) = preSolution
		Debug|Any CPU = Debug|Any CPU
		Release|Any CPU = Release|Any CPU
	EndGlobalSection
	GlobalSection(ProjectConfigurationPlatforms) = postSolution
		{C41E7116-40C8-4D15-9A8F-CBEA03006318}.Debug|Any CPU.ActiveCfg = Debug|Any CPU
		{C41E7116-40C8-4D15-9A8F-CBEA03006318}.Debug|Any CPU.Build.0 = Debug|Any CPU
		{C41E7116-40C8-4D15-9A8F-CBEA03006318}.Release|Any CPU.ActiveCfg = Release|Any CPU
		{C41E7116-40C8-4D15-9A8F-CBEA03006318}.Release|Any CPU.Build.0 = Release|Any CPU
	EndGlobalSection
	GlobalSection(SolutionProperties) = preSolution
		HideSolutionNode = FALSE
	EndGlobalSection
	GlobalSection(ExtensibilityGlobals) = postSolution
		SolutionGuid = {E7368B28-852A-46ED-B2B6-830ED5958734}
	EndGlobalSection
EndGlobal
